{
  "name": "web3-poc",
  "lockfileVersion": 2,
  "requires": true,
  "packages": {
    "": {
      "dependencies": {
        "@nomicfoundation/solidity-analyzer": "^0.1.0"
      }
    },
    "node_modules/@nomicfoundation/solidity-analyzer": {
      "version": "0.1.0",
      "resolved": "https://registry.npmjs.org/@nomicfoundation/solidity-analyzer/-/solidity-analyzer-0.1.0.tgz",
      "integrity": "sha512-xGWAiVCGOycvGiP/qrlf9f9eOn7fpNbyJygcB0P21a1MDuVPlKt0Srp7rvtBEutYQ48ouYnRXm33zlRnlTOPHg==",
      "engines": {
        "node": ">= 12"
      },
      "optionalDependencies": {
        "@nomicfoundation/solidity-analyzer-darwin-arm64": "0.1.0",
        "@nomicfoundation/solidity-analyzer-darwin-x64": "0.1.0",
        "@nomicfoundation/solidity-analyzer-freebsd-x64": "0.1.0",
        "@nomicfoundation/solidity-analyzer-linux-arm64-gnu": "0.1.0",
        "@nomicfoundation/solidity-analyzer-linux-arm64-musl": "0.1.0",
        "@nomicfoundation/solidity-analyzer-linux-x64-gnu": "0.1.0",
        "@nomicfoundation/solidity-analyzer-linux-x64-musl": "0.1.0",
        "@nomicfoundation/solidity-analyzer-win32-arm64-msvc": "0.1.0",
        "@nomicfoundation/solidity-analyzer-win32-ia32-msvc": "0.1.0",
        "@nomicfoundation/solidity-analyzer-win32-x64-msvc": "0.1.0"
      }
    },
    "node_modules/@nomicfoundation/solidity-analyzer-darwin-arm64": {
      "version": "0.1.0",
      "resolved": "https://registry.npmjs.org/@nomicfoundation/solidity-analyzer-darwin-arm64/-/solidity-analyzer-darwin-arm64-0.1.0.tgz",
      "integrity": "sha512-vEF3yKuuzfMHsZecHQcnkUrqm8mnTWfJeEVFHpg+cO+le96xQA4lAJYdUan8pXZohQxv1fSReQsn4QGNuBNuCw==",
      "cpu": [
        "arm64"
      ],
      "optional": true,
      "os": [
        "darwin"
      ],
      "engines": {
        "node": ">= 10"
      }
    },
    "node_modules/@nomicfoundation/solidity-analyzer-darwin-x64": {
      "version": "0.1.0",
      "resolved": "https://registry.npmjs.org/@nomicfoundation/solidity-analyzer-darwin-x64/-/solidity-analyzer-darwin-x64-0.1.0.tgz",
      "integrity": "sha512-dlHeIg0pTL4dB1l9JDwbi/JG6dHQaU1xpDK+ugYO8eJ1kxx9Dh2isEUtA4d02cQAl22cjOHTvifAk96A+ItEHA==",
      "cpu": [
        "x64"
      ],
      "optional": true,
      "os": [
        "darwin"
      ],
      "engines": {
        "node": ">= 10"
      }
    },
    "node_modules/@nomicfoundation/solidity-analyzer-freebsd-x64": {
      "version": "0.1.0",
      "resolved": "https://registry.npmjs.org/@nomicfoundation/solidity-analyzer-freebsd-x64/-/solidity-analyzer-freebsd-x64-0.1.0.tgz",
      "integrity": "sha512-WFCZYMv86WowDA4GiJKnebMQRt3kCcFqHeIomW6NMyqiKqhK1kIZCxSLDYsxqlx396kKLPN1713Q1S8tu68GKg==",
      "cpu": [
        "x64"
      ],
      "optional": true,
      "os": [
        "freebsd"
      ],
      "engines": {
        "node": ">= 10"
      }
    },
    "node_modules/@nomicfoundation/solidity-analyzer-linux-arm64-gnu": {
      "version": "0.1.0",
      "resolved": "https://registry.npmjs.org/@nomicfoundation/solidity-analyzer-linux-arm64-gnu/-/solidity-analyzer-linux-arm64-gnu-0.1.0.tgz",
      "integrity": "sha512-DTw6MNQWWlCgc71Pq7CEhEqkb7fZnS7oly13pujs4cMH1sR0JzNk90Mp1zpSCsCs4oKan2ClhMlLKtNat/XRKQ==",
      "cpu": [
        "arm64"
      ],
      "optional": true,
      "os": [
        "linux"
      ],
      "engines": {
        "node": ">= 10"
      }
    },
    "node_modules/@nomicfoundation/solidity-analyzer-linux-arm64-musl": {
      "version": "0.1.0",
      "resolved": "https://registry.npmjs.org/@nomicfoundation/solidity-analyzer-linux-arm64-musl/-/solidity-analyzer-linux-arm64-musl-0.1.0.tgz",
      "integrity": "sha512-wUpUnR/3GV5Da88MhrxXh/lhb9kxh9V3Jya2NpBEhKDIRCDmtXMSqPMXHZmOR9DfCwCvG6vLFPr/+YrPCnUN0w==",
      "cpu": [
        "arm64"
      ],
      "optional": true,
      "os": [
        "linux"
      ],
      "engines": {
        "node": ">= 10"
      }
    },
    "node_modules/@nomicfoundation/solidity-analyzer-linux-x64-gnu": {
      "version": "0.1.0",
      "resolved": "https://registry.npmjs.org/@nomicfoundation/solidity-analyzer-linux-x64-gnu/-/solidity-analyzer-linux-x64-gnu-0.1.0.tgz",
      "integrity": "sha512-lR0AxK1x/MeKQ/3Pt923kPvwigmGX3OxeU5qNtQ9pj9iucgk4PzhbS3ruUeSpYhUxG50jN4RkIGwUMoev5lguw==",
      "cpu": [
        "x64"
      ],
      "optional": true,
      "os": [
        "linux"
      ],
      "engines": {
        "node": ">= 10"
      }
    },
    "node_modules/@nomicfoundation/solidity-analyzer-linux-x64-musl": {
      "version": "0.1.0",
      "resolved": "https://registry.npmjs.org/@nomicfoundation/solidity-analyzer-linux-x64-musl/-/solidity-analyzer-linux-x64-musl-0.1.0.tgz",
      "integrity": "sha512-A1he/8gy/JeBD3FKvmI6WUJrGrI5uWJNr5Xb9WdV+DK0F8msuOqpEByLlnTdLkXMwW7nSl3awvLezOs9xBHJEg==",
      "cpu": [
        "x64"
      ],
      "optional": true,
      "os": [
        "linux"
      ],
      "engines": {
        "node": ">= 10"
      }
    },
    "node_modules/@nomicfoundation/solidity-analyzer-win32-arm64-msvc": {
      "version": "0.1.0",
      "resolved": "https://registry.npmjs.org/@nomicfoundation/solidity-analyzer-win32-arm64-msvc/-/solidity-analyzer-win32-arm64-msvc-0.1.0.tgz",
      "integrity": "sha512-7x5SXZ9R9H4SluJZZP8XPN+ju7Mx+XeUMWZw7ZAqkdhP5mK19I4vz3x0zIWygmfE8RT7uQ5xMap0/9NPsO+ykw==",
      "cpu": [
        "arm64"
      ],
      "optional": true,
      "os": [
        "win32"
      ],
      "engines": {
        "node": ">= 10"
      }
    },
    "node_modules/@nomicfoundation/solidity-analyzer-win32-ia32-msvc": {
      "version": "0.1.0",
      "resolved": "https://registry.npmjs.org/@nomicfoundation/solidity-analyzer-win32-ia32-msvc/-/solidity-analyzer-win32-ia32-msvc-0.1.0.tgz",
      "integrity": "sha512-m7w3xf+hnE774YRXu+2mGV7RiF3QJtUoiYU61FascCkQhX3QMQavh7saH/vzb2jN5D24nT/jwvaHYX/MAM9zUw==",
      "cpu": [
        "ia32"
      ],
      "optional": true,
      "os": [
        "win32"
      ],
      "engines": {
        "node": ">= 10"
      }
    },
    "node_modules/@nomicfoundation/solidity-analyzer-win32-x64-msvc": {
      "version": "0.1.0",
      "resolved": "https://registry.npmjs.org/@nomicfoundation/solidity-analyzer-win32-x64-msvc/-/solidity-analyzer-win32-x64-msvc-0.1.0.tgz",
      "integrity": "sha512-xCuybjY0sLJQnJhupiFAXaek2EqF0AP0eBjgzaalPXSNvCEN6ZYHvUzdA50ENDVeSYFXcUsYf3+FsD3XKaeptA==",
      "cpu": [
        "x64"
      ],
      "optional": true,
      "os": [
        "win32"
      ],
      "engines": {
        "node": ">= 10"
      }
    }
  },
  "dependencies": {
    "@nomicfoundation/solidity-analyzer": {
      "version": "0.1.0",
      "resolved": "https://registry.npmjs.org/@nomicfoundation/solidity-analyzer/-/solidity-analyzer-0.1.0.tgz",
      "integrity": "sha512-xGWAiVCGOycvGiP/qrlf9f9eOn7fpNbyJygcB0P21a1MDuVPlKt0Srp7rvtBEutYQ48ouYnRXm33zlRnlTOPHg==",
      "requires": {
        "@nomicfoundation/solidity-analyzer-darwin-arm64": "0.1.0",
        "@nomicfoundation/solidity-analyzer-darwin-x64": "0.1.0",
        "@nomicfoundation/solidity-analyzer-freebsd-x64": "0.1.0",
        "@nomicfoundation/solidity-analyzer-linux-arm64-gnu": "0.1.0",
        "@nomicfoundation/solidity-analyzer-linux-arm64-musl": "0.1.0",
        "@nomicfoundation/solidity-analyzer-linux-x64-gnu": "0.1.0",
        "@nomicfoundation/solidity-analyzer-linux-x64-musl": "0.1.0",
        "@nomicfoundation/solidity-analyzer-win32-arm64-msvc": "0.1.0",
        "@nomicfoundation/solidity-analyzer-win32-ia32-msvc": "0.1.0",
        "@nomicfoundation/solidity-analyzer-win32-x64-msvc": "0.1.0"
      }
    },
    "@nomicfoundation/solidity-analyzer-darwin-arm64": {
      "version": "0.1.0",
      "resolved": "https://registry.npmjs.org/@nomicfoundation/solidity-analyzer-darwin-arm64/-/solidity-analyzer-darwin-arm64-0.1.0.tgz",
      "integrity": "sha512-vEF3yKuuzfMHsZecHQcnkUrqm8mnTWfJeEVFHpg+cO+le96xQA4lAJYdUan8pXZohQxv1fSReQsn4QGNuBNuCw==",
      "optional": true
    },
    "@nomicfoundation/solidity-analyzer-darwin-x64": {
      "version": "0.1.0",
      "resolved": "https://registry.npmjs.org/@nomicfoundation/solidity-analyzer-darwin-x64/-/solidity-analyzer-darwin-x64-0.1.0.tgz",
      "integrity": "sha512-dlHeIg0pTL4dB1l9JDwbi/JG6dHQaU1xpDK+ugYO8eJ1kxx9Dh2isEUtA4d02cQAl22cjOHTvifAk96A+ItEHA==",
      "optional": true
    },
    "@nomicfoundation/solidity-analyzer-freebsd-x64": {
      "version": "0.1.0",
      "resolved": "https://registry.npmjs.org/@nomicfoundation/solidity-analyzer-freebsd-x64/-/solidity-analyzer-freebsd-x64-0.1.0.tgz",
      "integrity": "sha512-WFCZYMv86WowDA4GiJKnebMQRt3kCcFqHeIomW6NMyqiKqhK1kIZCxSLDYsxqlx396kKLPN1713Q1S8tu68GKg==",
      "optional": true
    },
    "@nomicfoundation/solidity-analyzer-linux-arm64-gnu": {
      "version": "0.1.0",
      "resolved": "https://registry.npmjs.org/@nomicfoundation/solidity-analyzer-linux-arm64-gnu/-/solidity-analyzer-linux-arm64-gnu-0.1.0.tgz",
      "integrity": "sha512-DTw6MNQWWlCgc71Pq7CEhEqkb7fZnS7oly13pujs4cMH1sR0JzNk90Mp1zpSCsCs4oKan2ClhMlLKtNat/XRKQ==",
      "optional": true
    },
    "@nomicfoundation/solidity-analyzer-linux-arm64-musl": {
      "version": "0.1.0",
      "resolved": "https://registry.npmjs.org/@nomicfoundation/solidity-analyzer-linux-arm64-musl/-/solidity-analyzer-linux-arm64-musl-0.1.0.tgz",
      "integrity": "sha512-wUpUnR/3GV5Da88MhrxXh/lhb9kxh9V3Jya2NpBEhKDIRCDmtXMSqPMXHZmOR9DfCwCvG6vLFPr/+YrPCnUN0w==",
      "optional": true
    },
    "@nomicfoundation/solidity-analyzer-linux-x64-gnu": {
      "version": "0.1.0",
      "resolved": "https://registry.npmjs.org/@nomicfoundation/solidity-analyzer-linux-x64-gnu/-/solidity-analyzer-linux-x64-gnu-0.1.0.tgz",
      "integrity": "sha512-lR0AxK1x/MeKQ/3Pt923kPvwigmGX3OxeU5qNtQ9pj9iucgk4PzhbS3ruUeSpYhUxG50jN4RkIGwUMoev5lguw==",
      "optional": true
    },
    "@nomicfoundation/solidity-analyzer-linux-x64-musl": {
      "version": "0.1.0",
      "resolved": "https://registry.npmjs.org/@nomicfoundation/solidity-analyzer-linux-x64-musl/-/solidity-analyzer-linux-x64-musl-0.1.0.tgz",
      "integrity": "sha512-A1he/8gy/JeBD3FKvmI6WUJrGrI5uWJNr5Xb9WdV+DK0F8msuOqpEByLlnTdLkXMwW7nSl3awvLezOs9xBHJEg==",
      "optional": true
    },
    "@nomicfoundation/solidity-analyzer-win32-arm64-msvc": {
      "version": "0.1.0",
      "resolved": "https://registry.npmjs.org/@nomicfoundation/solidity-analyzer-win32-arm64-msvc/-/solidity-analyzer-win32-arm64-msvc-0.1.0.tgz",
      "integrity": "sha512-7x5SXZ9R9H4SluJZZP8XPN+ju7Mx+XeUMWZw7ZAqkdhP5mK19I4vz3x0zIWygmfE8RT7uQ5xMap0/9NPsO+ykw==",
      "optional": true
    },
    "@nomicfoundation/solidity-analyzer-win32-ia32-msvc": {
      "version": "0.1.0",
      "resolved": "https://registry.npmjs.org/@nomicfoundation/solidity-analyzer-win32-ia32-msvc/-/solidity-analyzer-win32-ia32-msvc-0.1.0.tgz",
      "integrity": "sha512-m7w3xf+hnE774YRXu+2mGV7RiF3QJtUoiYU61FascCkQhX3QMQavh7saH/vzb2jN5D24nT/jwvaHYX/MAM9zUw==",
      "optional": true
    },
    "@nomicfoundation/solidity-analyzer-win32-x64-msvc": {
      "version": "0.1.0",
      "resolved": "https://registry.npmjs.org/@nomicfoundation/solidity-analyzer-win32-x64-msvc/-/solidity-analyzer-win32-x64-msvc-0.1.0.tgz",
      "integrity": "sha512-xCuybjY0sLJQnJhupiFAXaek2EqF0AP0eBjgzaalPXSNvCEN6ZYHvUzdA50ENDVeSYFXcUsYf3+FsD3XKaeptA==",
      "optional": true
    }
  }
}
